
Microsoft Visual Studio Solution File, Format Version 12.00
# Visual Studio Version 17
VisualStudioVersion = 17.8.34511.84
MinimumVisualStudioVersion = 10.0.40219.1
Project("{9A19103F-16F7-4668-BE54-9A1E7A4F7556}") = "GeoGravityOverDose", "GeoGravityOverDose\GeoGravityOverDose.csproj", "{FC68760D-2271-4205-BCC3-293EA76378D2}"
EndProject
Project("{9A19103F-16F7-4668-BE54-9A1E7A4F7556}") = "GeoFravityOverFlow", "GeoFravityOverFlow\GeoFravityOverFlow.csproj", "{F77859BE-C6FF-4218-B74F-4FB5F8EDF8A6}"
EndProject
Project("{FAE04EC0-301F-11D3-BF4B-00C04F79EFBC}") = "Test", "Test\Test.csproj", "{22F0C48C-FD79-404C-B46F-88735F0A212A}"
EndProject
Global
	GlobalSection(SolutionConfigurationPlatforms) = preSolution
		Debug|Any CPU = Debug|Any CPU
		Release|Any CPU = Release|Any CPU
	EndGlobalSection
	GlobalSection(ProjectConfigurationPlatforms) = postSolution
		{FC68760D-2271-4205-BCC3-293EA76378D2}.Debug|Any CPU.ActiveCfg = Debug|Any CPU
		{FC68760D-2271-4205-BCC3-293EA76378D2}.Debug|Any CPU.Build.0 = Debug|Any CPU
		{FC68760D-2271-4205-BCC3-293EA76378D2}.Release|Any CPU.ActiveCfg = Release|Any CPU
		{FC68760D-2271-4205-BCC3-293EA76378D2}.Release|Any CPU.Build.0 = Release|Any CPU
		{F77859BE-C6FF-4218-B74F-4FB5F8EDF8A6}.Debug|Any CPU.ActiveCfg = Debug|Any CPU
		{F77859BE-C6FF-4218-B74F-4FB5F8EDF8A6}.Debug|Any CPU.Build.0 = Debug|Any CPU
		{F77859BE-C6FF-4218-B74F-4FB5F8EDF8A6}.Release|Any CPU.ActiveCfg = Release|Any CPU
		{F77859BE-C6FF-4218-B74F-4FB5F8EDF8A6}.Release|Any CPU.Build.0 = Release|Any CPU
		{22F0C48C-FD79-404C-B46F-88735F0A212A}.Debug|Any CPU.ActiveCfg = Debug|Any CPU
		{22F0C48C-FD79-404C-B46F-88735F0A212A}.Debug|Any CPU.Build.0 = Debug|Any CPU
		{22F0C48C-FD79-404C-B46F-88735F0A212A}.Release|Any CPU.ActiveCfg = Release|Any CPU
		{22F0C48C-FD79-404C-B46F-88735F0A212A}.Release|Any CPU.Build.0 = Release|Any CPU
	EndGlobalSection
	GlobalSection(SolutionProperties) = preSolution
		HideSolutionNode = FALSE
	EndGlobalSection
	GlobalSection(ExtensibilityGlobals) = postSolution
		SolutionGuid = {30585533-94FA-4230-9AB6-41A004E73D9A}
	EndGlobalSection
EndGlobal
